schema: '2.0'
stages:
  data_ingestion:
    cmd: python src/data/data_ingestion.py
    deps:
    - path: src/data/data_ingestion.py
      hash: md5
      md5: 043fb92f9b5780882d68ca472f9d99a1
      size: 5431
    params:
      params.yaml:
        data_ingestion.test_size: 0.2
    outs:
    - path: data/raw
      hash: md5
      md5: fb326d2eec197669f9638afde28356bf.dir
      size: 827973
      nfiles: 2
  data_preprocessing:
    cmd: python src/data/data_preprocessing.py
    deps:
    - path: data/raw
      hash: md5
      md5: fb326d2eec197669f9638afde28356bf.dir
      size: 827973
      nfiles: 2
    - path: src/data/data_preprocessing.py
      hash: md5
      md5: efca7618c1014b2a69b15f44841447cc
      size: 5251
    outs:
    - path: data/interim
      hash: md5
      md5: 6e1ff3b042c874abc5d4903b4701b75e.dir
      size: 558621
      nfiles: 2
  feature_engineering:
    cmd: python src/features/feature_engineering.py
    deps:
    - path: data/interim
      hash: md5
      md5: 6e1ff3b042c874abc5d4903b4701b75e.dir
      size: 558621
      nfiles: 2
    - path: src/features/feature_engineering.py
      hash: md5
      md5: 70bdad1ced8a17738a46fed8c08d74c1
      size: 4996
    params:
      params.yaml:
        feature_engineering.max_features: 500
    outs:
    - path: data/processed
      hash: md5
      md5: 0e03cebe77a3c973acab3e89b4a8e4bf.dir
      size: 20536043
      nfiles: 2
  model_building:
    cmd: python src/models/model_building.py
    deps:
    - path: data/processed/train_tfidf.csv
      hash: md5
      md5: f41f7bca8d9ae03883e073cb3370d581
      size: 16447886
    - path: src/models/model_building.py
      hash: md5
      md5: 926d752892c9083837b108be8e8a5aed
      size: 4607
    params:
      params.yaml:
        model_building.learning_rate: 0.1
        model_building.n_estimators: 25
    outs:
    - path: models/model.joblib
      hash: md5
      md5: d0afc18c23efa8c290aca05957ce3761
      size: 44600
  model_evaluation:
    cmd: python src/models/model_evaluation.py
    deps:
    - path: data/processed/test_tfidf.csv
      hash: md5
      md5: 8dea45378c11d1e5e9deccb2e7c155c3
      size: 4088157
    - path: models/model.joblib
      hash: md5
      md5: d0afc18c23efa8c290aca05957ce3761
      size: 44600
    - path: src/models/model_evaluation.py
      hash: md5
      md5: 8b617a2d93df97c36cfe38a1e3ae214b
      size: 4768
    outs:
    - path: reports/metrics.json
      hash: md5
      md5: 16941ae4a2a40627e7ff957659af8808
      size: 144
