schema: '2.0'
stages:
  data_ingestion:
    cmd: python src/data/data_ingestion.py
    deps:
    - path: src/data/data_ingestion.py
      hash: md5
      md5: 043fb92f9b5780882d68ca472f9d99a1
      size: 5431
    params:
      params.yaml:
        data_ingestion.test_size: 0.2
    outs:
    - path: data/raw
      hash: md5
      md5: fb326d2eec197669f9638afde28356bf.dir
      size: 827973
      nfiles: 2
  data_preprocessing:
    cmd: python src/data/data_preprocessing.py
    deps:
    - path: data/raw
      hash: md5
      md5: fb326d2eec197669f9638afde28356bf.dir
      size: 827973
      nfiles: 2
    - path: src/data/data_preprocessing.py
      hash: md5
      md5: efca7618c1014b2a69b15f44841447cc
      size: 5251
    outs:
    - path: data/interim
      hash: md5
      md5: 6e1ff3b042c874abc5d4903b4701b75e.dir
      size: 558621
      nfiles: 2
  feature_engineering:
    cmd: python src/features/feature_engineering.py
    deps:
    - path: data/interim
      hash: md5
      md5: 6e1ff3b042c874abc5d4903b4701b75e.dir
      size: 558621
      nfiles: 2
    - path: src/features/feature_engineering.py
      hash: md5
      md5: 3c1b2eae9f726b1559842cf96a81a7fd
      size: 5967
    params:
      params.yaml:
        feature_engineering.max_features: 1000
    outs:
    - path: data/processed
      hash: md5
      md5: e8e3761878920b886754b3ba8b43f772.dir
      size: 19835491
      nfiles: 2
  model_building:
    cmd: python src/models/model_building.py
    deps:
    - path: data/processed/train_bow.csv
      hash: md5
      md5: 5a84a64c39947f0d87e8c1a5f0c0959d
      size: 15883681
    - path: src/models/model_building.py
      hash: md5
      md5: 825c49dd286d618ddd5db9310be962d4
      size: 4779
    params:
      params.yaml:
        model_building.C: 1
        model_building.penalty: l2
        model_building.solver: liblinear
    outs:
    - path: models/model.joblib
      hash: md5
      md5: 1b695600ede52e15f4280f5b0db49609
      size: 8859
  model_evaluation:
    cmd: python src/models/model_evaluation.py
    deps:
    - path: data/processed/test_bow.csv
      hash: md5
      md5: bf20b149f660f38e546fff11622a7486
      size: 3951810
    - path: models/model.joblib
      hash: md5
      md5: 1b695600ede52e15f4280f5b0db49609
      size: 8859
    - path: src/models/model_evaluation.py
      hash: md5
      md5: 8f6715de11244c82472247997baedcd5
      size: 7000
    outs:
    - path: reports/experiments_info.json
      hash: md5
      md5: a73b85beab5caa9638c556da070626d3
      size: 136
    - path: reports/metrics.json
      hash: md5
      md5: 729e3bbf8f083bc57a9c00be29e087cf
      size: 145
  model_registry:
    cmd: python src/models/model_registry.py
    deps:
    - path: reports/experiments_info.json
      hash: md5
      md5: a73b85beab5caa9638c556da070626d3
      size: 136
